// !$*UTF8*$!
{
	archiveVersion = 1;
	classes = {
	};
	objectVersion = 77;
	objects = {

/* Begin PBXBuildFile section */
		842D2A032D77501A00A8D90E /* NotionWatch Watch App.app in Embed Watch Content */ = {isa = PBXBuildFile; fileRef = 842D2A022D77501A00A8D90E /* NotionWatch Watch App.app */; settings = {ATTRIBUTES = (RemoveHeadersOnCopy, ); }; };
/* End PBXBuildFile section */

/* Begin PBXContainerItemProxy section */
		842D2A042D77501A00A8D90E /* PBXContainerItemProxy */ = {
			isa = PBXContainerItemProxy;
			containerPortal = 842D29F62D77501A00A8D90E /* Project object */;
			proxyType = 1;
			remoteGlobalIDString = 842D2A012D77501A00A8D90E;
			remoteInfo = "NotionWatch Watch App";
		};
		842D2A152D77501B00A8D90E /* PBXContainerItemProxy */ = {
			isa = PBXContainerItemProxy;
			containerPortal = 842D29F62D77501A00A8D90E /* Project object */;
			proxyType = 1;
			remoteGlobalIDString = 842D2A012D77501A00A8D90E;
			remoteInfo = "NotionWatch Watch App";
		};
		842D2A1F2D77501B00A8D90E /* PBXContainerItemProxy */ = {
			isa = PBXContainerItemProxy;
			containerPortal = 842D29F62D77501A00A8D90E /* Project object */;
			proxyType = 1;
			remoteGlobalIDString = 842D2A012D77501A00A8D90E;
			remoteInfo = "NotionWatch Watch App";
		};
/* End PBXContainerItemProxy section */

/* Begin PBXCopyFilesBuildPhase section */
		842D2A2B2D77501B00A8D90E /* Embed Watch Content */ = {
			isa = PBXCopyFilesBuildPhase;
			buildActionMask = 2147483647;
			dstPath = "$(CONTENTS_FOLDER_PATH)/Watch";
			dstSubfolderSpec = 16;
			files = (
				842D2A032D77501A00A8D90E /* NotionWatch Watch App.app in Embed Watch Content */,
			);
			name = "Embed Watch Content";
			runOnlyForDeploymentPostprocessing = 0;
		};
/* End PBXCopyFilesBuildPhase section */

/* Begin PBXFileReference section */
		842D29FC2D77501A00A8D90E /* NotionWatch.app */ = {isa = PBXFileReference; explicitFileType = wrapper.application; includeInIndex = 0; path = NotionWatch.app; sourceTree = BUILT_PRODUCTS_DIR; };
		842D2A022D77501A00A8D90E /* NotionWatch Watch App.app */ = {isa = PBXFileReference; explicitFileType = wrapper.application; includeInIndex = 0; path = "NotionWatch Watch App.app"; sourceTree = BUILT_PRODUCTS_DIR; };
		842D2A142D77501B00A8D90E /* NotionWatch Watch AppTests.xctest */ = {isa = PBXFileReference; explicitFileType = wrapper.cfbundle; includeInIndex = 0; path = "NotionWatch Watch AppTests.xctest"; sourceTree = BUILT_PRODUCTS_DIR; };
		842D2A1E2D77501B00A8D90E /* NotionWatch Watch AppUITests.xctest */ = {isa = PBXFileReference; explicitFileType = wrapper.cfbundle; includeInIndex = 0; path = "NotionWatch Watch AppUITests.xctest"; sourceTree = BUILT_PRODUCTS_DIR; };
/* End PBXFileReference section */

/* Begin PBXFileSystemSynchronizedRootGroup section */
		842D2A062D77501A00A8D90E /* NotionWatch Watch App */ = {
			isa = PBXFileSystemSynchronizedRootGroup;
			path = "NotionWatch Watch App";
			sourceTree = "<group>";
		};
		842D2A172D77501B00A8D90E /* NotionWatch Watch AppTests */ = {
			isa = PBXFileSystemSynchronizedRootGroup;
			path = "NotionWatch Watch AppTests";
			sourceTree = "<group>";
		};
		842D2A212D77501B00A8D90E /* NotionWatch Watch AppUITests */ = {
			isa = PBXFileSystemSynchronizedRootGroup;
			path = "NotionWatch Watch AppUITests";
			sourceTree = "<group>";
		};
/* End PBXFileSystemSynchronizedRootGroup section */

/* Begin PBXFrameworksBuildPhase section */
		842D29FF2D77501A00A8D90E /* Frameworks */ = {
			isa = PBXFrameworksBuildPhase;
			buildActionMask = 2147483647;
			files = (
			);
			runOnlyForDeploymentPostprocessing = 0;
		};
		842D2A112D77501B00A8D90E /* Frameworks */ = {
			isa = PBXFrameworksBuildPhase;
			buildActionMask = 2147483647;
			files = (
			);
			runOnlyForDeploymentPostprocessing = 0;
		};
		842D2A1B2D77501B00A8D90E /* Frameworks */ = {
			isa = PBXFrameworksBuildPhase;
			buildActionMask = 2147483647;
			files = (
			);
			runOnlyForDeploymentPostprocessing = 0;
		};
/* End PBXFrameworksBuildPhase section */

/* Begin PBXGroup section */
		842D29F52D77501900A8D90E = {
			isa = PBXGroup;
			children = (
				842D2A062D77501A00A8D90E /* NotionWatch Watch App */,
				842D2A172D77501B00A8D90E /* NotionWatch Watch AppTests */,
				842D2A212D77501B00A8D90E /* NotionWatch Watch AppUITests */,
				842D29FD2D77501A00A8D90E /* Products */,
			);
			sourceTree = "<group>";
		};
		842D29FD2D77501A00A8D90E /* Products */ = {
			isa = PBXGroup;
			children = (
				842D29FC2D77501A00A8D90E /* NotionWatch.app */,
				842D2A022D77501A00A8D90E /* NotionWatch Watch App.app */,
				842D2A142D77501B00A8D90E /* NotionWatch Watch AppTests.xctest */,
				842D2A1E2D77501B00A8D90E /* NotionWatch Watch AppUITests.xctest */,
			);
			name = Products;
			sourceTree = "<group>";
		};
/* End PBXGroup section */

/* Begin PBXNativeTarget section */
		842D29FB2D77501A00A8D90E /* NotionWatch */ = {
			isa = PBXNativeTarget;
			buildConfigurationList = 842D2A2C2D77501B00A8D90E /* Build configuration list for PBXNativeTarget "NotionWatch" */;
			buildPhases = (
				842D29FA2D77501A00A8D90E /* Resources */,
				842D2A2B2D77501B00A8D90E /* Embed Watch Content */,
			);
			buildRules = (
			);
			dependencies = (
				842D2A052D77501A00A8D90E /* PBXTargetDependency */,
			);
			name = NotionWatch;
			packageProductDependencies = (
			);
			productName = NotionWatch;
			productReference = 842D29FC2D77501A00A8D90E /* NotionWatch.app */;
			productType = "com.apple.product-type.application.watchapp2-container";
		};
		842D2A012D77501A00A8D90E /* NotionWatch Watch App */ = {
			isa = PBXNativeTarget;
			buildConfigurationList = 842D2A282D77501B00A8D90E /* Build configuration list for PBXNativeTarget "NotionWatch Watch App" */;
			buildPhases = (
				842D29FE2D77501A00A8D90E /* Sources */,
				842D29FF2D77501A00A8D90E /* Frameworks */,
				842D2A002D77501A00A8D90E /* Resources */,
			);
			buildRules = (
			);
			dependencies = (
			);
			fileSystemSynchronizedGroups = (
				842D2A062D77501A00A8D90E /* NotionWatch Watch App */,
			);
			name = "NotionWatch Watch App";
			packageProductDependencies = (
			);
			productName = "NotionWatch Watch App";
			productReference = 842D2A022D77501A00A8D90E /* NotionWatch Watch App.app */;
			productType = "com.apple.product-type.application";
		};
		842D2A132D77501B00A8D90E /* NotionWatch Watch AppTests */ = {
			isa = PBXNativeTarget;
			buildConfigurationList = 842D2A2F2D77501B00A8D90E /* Build configuration list for PBXNativeTarget "NotionWatch Watch AppTests" */;
			buildPhases = (
				842D2A102D77501B00A8D90E /* Sources */,
				842D2A112D77501B00A8D90E /* Frameworks */,
				842D2A122D77501B00A8D90E /* Resources */,
			);
			buildRules = (
			);
			dependencies = (
				842D2A162D77501B00A8D90E /* PBXTargetDependency */,
			);
			fileSystemSynchronizedGroups = (
				842D2A172D77501B00A8D90E /* NotionWatch Watch AppTests */,
			);
			name = "NotionWatch Watch AppTests";
			packageProductDependencies = (
			);
			productName = "NotionWatch Watch AppTests";
			productReference = 842D2A142D77501B00A8D90E /* NotionWatch Watch AppTests.xctest */;
			productType = "com.apple.product-type.bundle.unit-test";
		};
		842D2A1D2D77501B00A8D90E /* NotionWatch Watch AppUITests */ = {
			isa = PBXNativeTarget;
			buildConfigurationList = 842D2A322D77501B00A8D90E /* Build configuration list for PBXNativeTarget "NotionWatch Watch AppUITests" */;
			buildPhases = (
				842D2A1A2D77501B00A8D90E /* Sources */,
				842D2A1B2D77501B00A8D90E /* Frameworks */,
				842D2A1C2D77501B00A8D90E /* Resources */,
			);
			buildRules = (
			);
			dependencies = (
				842D2A202D77501B00A8D90E /* PBXTargetDependency */,
			);
			fileSystemSynchronizedGroups = (
				842D2A212D77501B00A8D90E /* NotionWatch Watch AppUITests */,
			);
			name = "NotionWatch Watch AppUITests";
			packageProductDependencies = (
			);
			productName = "NotionWatch Watch AppUITests";
			productReference = 842D2A1E2D77501B00A8D90E /* NotionWatch Watch AppUITests.xctest */;
			productType = "com.apple.product-type.bundle.ui-testing";
		};
/* End PBXNativeTarget section */

/* Begin PBXProject section */
		842D29F62D77501A00A8D90E /* Project object */ = {
			isa = PBXProject;
			attributes = {
				BuildIndependentTargetsInParallel = 1;
				LastSwiftUpdateCheck = 1620;
				LastUpgradeCheck = 1620;
				TargetAttributes = {
					842D29FB2D77501A00A8D90E = {
						CreatedOnToolsVersion = 16.2;
					};
					842D2A012D77501A00A8D90E = {
						CreatedOnToolsVersion = 16.2;
					};
					842D2A132D77501B00A8D90E = {
						CreatedOnToolsVersion = 16.2;
						TestTargetID = 842D2A012D77501A00A8D90E;
					};
					842D2A1D2D77501B00A8D90E = {
						CreatedOnToolsVersion = 16.2;
						TestTargetID = 842D2A012D77501A00A8D90E;
					};
				};
			};
			buildConfigurationList = 842D29F92D77501A00A8D90E /* Build configuration list for PBXProject "NotionWatch" */;
			developmentRegion = en;
			hasScannedForEncodings = 0;
			knownRegions = (
				en,
				Base,
			);
			mainGroup = 842D29F52D77501900A8D90E;
			minimizedProjectReferenceProxies = 1;
			preferredProjectObjectVersion = 77;
			productRefGroup = 842D29FD2D77501A00A8D90E /* Products */;
			projectDirPath = "";
			projectRoot = "";
			targets = (
				842D29FB2D77501A00A8D90E /* NotionWatch */,
				842D2A012D77501A00A8D90E /* NotionWatch Watch App */,
				842D2A132D77501B00A8D90E /* NotionWatch Watch AppTests */,
				842D2A1D2D77501B00A8D90E /* NotionWatch Watch AppUITests */,
			);
		};
/* End PBXProject section */

/* Begin PBXResourcesBuildPhase section */
		842D29FA2D77501A00A8D90E /* Resources */ = {
			isa = PBXResourcesBuildPhase;
			buildActionMask = 2147483647;
			files = (
			);
			runOnlyForDeploymentPostprocessing = 0;
		};
		842D2A002D77501A00A8D90E /* Resources */ = {
			isa = PBXResourcesBuildPhase;
			buildActionMask = 2147483647;
			files = (
			);
			runOnlyForDeploymentPostprocessing = 0;
		};
		842D2A122D77501B00A8D90E /* Resources */ = {
			isa = PBXResourcesBuildPhase;
			buildActionMask = 2147483647;
			files = (
			);
			runOnlyForDeploymentPostprocessing = 0;
		};
		842D2A1C2D77501B00A8D90E /* Resources */ = {
			isa = PBXResourcesBuildPhase;
			buildActionMask = 2147483647;
			files = (
			);
			runOnlyForDeploymentPostprocessing = 0;
		};
/* End PBXResourcesBuildPhase section */

/* Begin PBXSourcesBuildPhase section */
		842D29FE2D77501A00A8D90E /* Sources */ = {
			isa = PBXSourcesBuildPhase;
			buildActionMask = 2147483647;
			files = (
			);
			runOnlyForDeploymentPostprocessing = 0;
		};
		842D2A102D77501B00A8D90E /* Sources */ = {
			isa = PBXSourcesBuildPhase;
			buildActionMask = 2147483647;
			files = (
			);
			runOnlyForDeploymentPostprocessing = 0;
		};
		842D2A1A2D77501B00A8D90E /* Sources */ = {
			isa = PBXSourcesBuildPhase;
			buildActionMask = 2147483647;
			files = (
			);
			runOnlyForDeploymentPostprocessing = 0;
		};
/* End PBXSourcesBuildPhase section */

/* Begin PBXTargetDependency section */
		842D2A052D77501A00A8D90E /* PBXTargetDependency */ = {
			isa = PBXTargetDependency;
			target = 842D2A012D77501A00A8D90E /* NotionWatch Watch App */;
			targetProxy = 842D2A042D77501A00A8D90E /* PBXContainerItemProxy */;
		};
		842D2A162D77501B00A8D90E /* PBXTargetDependency */ = {
			isa = PBXTargetDependency;
			target = 842D2A012D77501A00A8D90E /* NotionWatch Watch App */;
			targetProxy = 842D2A152D77501B00A8D90E /* PBXContainerItemProxy */;
		};
		842D2A202D77501B00A8D90E /* PBXTargetDependency */ = {
			isa = PBXTargetDependency;
			target = 842D2A012D77501A00A8D90E /* NotionWatch Watch App */;
			targetProxy = 842D2A1F2D77501B00A8D90E /* PBXContainerItemProxy */;
		};
/* End PBXTargetDependency section */

/* Begin XCBuildConfiguration section */
		842D2A262D77501B00A8D90E /* Debug */ = {
			isa = XCBuildConfiguration;
			buildSettings = {
				ALWAYS_SEARCH_USER_PATHS = NO;
				ASSETCATALOG_COMPILER_GENERATE_SWIFT_ASSET_SYMBOL_EXTENSIONS = YES;
				CLANG_ANALYZER_NONNULL = YES;
				CLANG_ANALYZER_NUMBER_OBJECT_CONVERSION = YES_AGGRESSIVE;
				CLANG_CXX_LANGUAGE_STANDARD = "gnu++20";
				CLANG_ENABLE_MODULES = YES;
				CLANG_ENABLE_OBJC_ARC = YES;
				CLANG_ENABLE_OBJC_WEAK = YES;
				CLANG_WARN_BLOCK_CAPTURE_AUTORELEASING = YES;
				CLANG_WARN_BOOL_CONVERSION = YES;
				CLANG_WARN_COMMA = YES;
				CLANG_WARN_CONSTANT_CONVERSION = YES;
				CLANG_WARN_DEPRECATED_OBJC_IMPLEMENTATIONS = YES;
				CLANG_WARN_DIRECT_OBJC_ISA_USAGE = YES_ERROR;
				CLANG_WARN_DOCUMENTATION_COMMENTS = YES;
				CLANG_WARN_EMPTY_BODY = YES;
				CLANG_WARN_ENUM_CONVERSION = YES;
				CLANG_WARN_INFINITE_RECURSION = YES;
				CLANG_WARN_INT_CONVERSION = YES;
				CLANG_WARN_NON_LITERAL_NULL_CONVERSION = YES;
				CLANG_WARN_OBJC_IMPLICIT_RETAIN_SELF = YES;
				CLANG_WARN_OBJC_LITERAL_CONVERSION = YES;
				CLANG_WARN_OBJC_ROOT_CLASS = YES_ERROR;
				CLANG_WARN_QUOTED_INCLUDE_IN_FRAMEWORK_HEADER = YES;
				CLANG_WARN_RANGE_LOOP_ANALYSIS = YES;
				CLANG_WARN_STRICT_PROTOTYPES = YES;
				CLANG_WARN_SUSPICIOUS_MOVE = YES;
				CLANG_WARN_UNGUARDED_AVAILABILITY = YES_AGGRESSIVE;
				CLANG_WARN_UNREACHABLE_CODE = YES;
				CLANG_WARN__DUPLICATE_METHOD_MATCH = YES;
				COPY_PHASE_STRIP = NO;
				DEBUG_INFORMATION_FORMAT = dwarf;
				ENABLE_STRICT_OBJC_MSGSEND = YES;
				ENABLE_TESTABILITY = YES;
				ENABLE_USER_SCRIPT_SANDBOXING = YES;
				GCC_C_LANGUAGE_STANDARD = gnu17;
				GCC_DYNAMIC_NO_PIC = NO;
				GCC_NO_COMMON_BLOCKS = YES;
				GCC_OPTIMIZATION_LEVEL = 0;
				GCC_PREPROCESSOR_DEFINITIONS = (
					"DEBUG=1",
					"$(inherited)",
				);
				GCC_WARN_64_TO_32_BIT_CONVERSION = YES;
				GCC_WARN_ABOUT_RETURN_TYPE = YES_ERROR;
				GCC_WARN_UNDECLARED_SELECTOR = YES;
				GCC_WARN_UNINITIALIZED_AUTOS = YES_AGGRESSIVE;
				GCC_WARN_UNUSED_FUNCTION = YES;
				GCC_WARN_UNUSED_VARIABLE = YES;
				LOCALIZATION_PREFERS_STRING_CATALOGS = YES;
				MTL_ENABLE_DEBUG_INFO = INCLUDE_SOURCE;
				MTL_FAST_MATH = YES;
				ONLY_ACTIVE_ARCH = YES;
				SWIFT_ACTIVE_COMPILATION_CONDITIONS = "DEBUG $(inherited)";
				SWIFT_OPTIMIZATION_LEVEL = "-Onone";
			};
			name = Debug;
		};
		842D2A272D77501B00A8D90E /* Release */ = {
			isa = XCBuildConfiguration;
			buildSettings = {
				ALWAYS_SEARCH_USER_PATHS = NO;
				ASSETCATALOG_COMPILER_GENERATE_SWIFT_ASSET_SYMBOL_EXTENSIONS = YES;
				CLANG_ANALYZER_NONNULL = YES;
				CLANG_ANALYZER_NUMBER_OBJECT_CONVERSION = YES_AGGRESSIVE;
				CLANG_CXX_LANGUAGE_STANDARD = "gnu++20";
				CLANG_ENABLE_MODULES = YES;
				CLANG_ENABLE_OBJC_ARC = YES;
				CLANG_ENABLE_OBJC_WEAK = YES;
				CLANG_WARN_BLOCK_CAPTURE_AUTORELEASING = YES;
				CLANG_WARN_BOOL_CONVERSION = YES;
				CLANG_WARN_COMMA = YES;
				CLANG_WARN_CONSTANT_CONVERSION = YES;
				CLANG_WARN_DEPRECATED_OBJC_IMPLEMENTATIONS = YES;
				CLANG_WARN_DIRECT_OBJC_ISA_USAGE = YES_ERROR;
				CLANG_WARN_DOCUMENTATION_COMMENTS = YES;
				CLANG_WARN_EMPTY_BODY = YES;
				CLANG_WARN_ENUM_CONVERSION = YES;
				CLANG_WARN_INFINITE_RECURSION = YES;
				CLANG_WARN_INT_CONVERSION = YES;
				CLANG_WARN_NON_LITERAL_NULL_CONVERSION = YES;
				CLANG_WARN_OBJC_IMPLICIT_RETAIN_SELF = YES;
				CLANG_WARN_OBJC_LITERAL_CONVERSION = YES;
				CLANG_WARN_OBJC_ROOT_CLASS = YES_ERROR;
				CLANG_WARN_QUOTED_INCLUDE_IN_FRAMEWORK_HEADER = YES;
				CLANG_WARN_RANGE_LOOP_ANALYSIS = YES;
				CLANG_WARN_STRICT_PROTOTYPES = YES;
				CLANG_WARN_SUSPICIOUS_MOVE = YES;
				CLANG_WARN_UNGUARDED_AVAILABILITY = YES_AGGRESSIVE;
				CLANG_WARN_UNREACHABLE_CODE = YES;
				CLANG_WARN__DUPLICATE_METHOD_MATCH = YES;
				COPY_PHASE_STRIP = NO;
				DEBUG_INFORMATION_FORMAT = "dwarf-with-dsym";
				ENABLE_NS_ASSERTIONS = NO;
				ENABLE_STRICT_OBJC_MSGSEND = YES;
				ENABLE_USER_SCRIPT_SANDBOXING = YES;
				GCC_C_LANGUAGE_STANDARD = gnu17;
				GCC_NO_COMMON_BLOCKS = YES;
				GCC_WARN_64_TO_32_BIT_CONVERSION = YES;
				GCC_WARN_ABOUT_RETURN_TYPE = YES_ERROR;
				GCC_WARN_UNDECLARED_SELECTOR = YES;
				GCC_WARN_UNINITIALIZED_AUTOS = YES_AGGRESSIVE;
				GCC_WARN_UNUSED_FUNCTION = YES;
				GCC_WARN_UNUSED_VARIABLE = YES;
				LOCALIZATION_PREFERS_STRING_CATALOGS = YES;
				MTL_ENABLE_DEBUG_INFO = NO;
				MTL_FAST_MATH = YES;
				SWIFT_COMPILATION_MODE = wholemodule;
			};
			name = Release;
		};
		842D2A292D77501B00A8D90E /* Debug */ = {
			isa = XCBuildConfiguration;
			buildSettings = {
				ASSETCATALOG_COMPILER_APPICON_NAME = AppIcon;
				ASSETCATALOG_COMPILER_GLOBAL_ACCENT_COLOR_NAME = AccentColor;
				CODE_SIGN_STYLE = Automatic;
				CURRENT_PROJECT_VERSION = 1;
				DEVELOPMENT_ASSET_PATHS = "\"NotionWatch Watch App/Preview Content\"";
				ENABLE_PREVIEWS = YES;
				GENERATE_INFOPLIST_FILE = YES;
				INFOPLIST_KEY_CFBundleDisplayName = NotionWatch;
				INFOPLIST_KEY_UISupportedInterfaceOrientations = "UIInterfaceOrientationPortrait UIInterfaceOrientationPortraitUpsideDown";
				INFOPLIST_KEY_WKWatchOnly = YES;
				LD_RUNPATH_SEARCH_PATHS = (
					"$(inherited)",
					"@executable_path/Frameworks",
				);
				MARKETING_VERSION = 1.0;
				PRODUCT_BUNDLE_IDENTIFIER = com.ff9.prova2.NotionWatch.watchkitapp;
				PRODUCT_NAME = "$(TARGET_NAME)";
				SDKROOT = watchos;
				SKIP_INSTALL = YES;
				SWIFT_EMIT_LOC_STRINGS = YES;
				SWIFT_VERSION = 5.0;
				TARGETED_DEVICE_FAMILY = 4;
				WATCHOS_DEPLOYMENT_TARGET = 11.2;
			};
			name = Debug;
		};
		842D2A2A2D77501B00A8D90E /* Release */ = {
			isa = XCBuildConfiguration;
			buildSettings = {
				ASSETCATALOG_COMPILER_APPICON_NAME = AppIcon;
				ASSETCATALOG_COMPILER_GLOBAL_ACCENT_COLOR_NAME = AccentColor;
				CODE_SIGN_STYLE = Automatic;
				CURRENT_PROJECT_VERSION = 1;
				DEVELOPMENT_ASSET_PATHS = "\"NotionWatch Watch App/Preview Content\"";
				ENABLE_PREVIEWS = YES;
				GENERATE_INFOPLIST_FILE = YES;
				INFOPLIST_KEY_CFBundleDisplayName = NotionWatch;
				INFOPLIST_KEY_UISupportedInterfaceOrientations = "UIInterfaceOrientationPortrait UIInterfaceOrientationPortraitUpsideDown";
				INFOPLIST_KEY_WKWatchOnly = YES;
				LD_RUNPATH_SEARCH_PATHS = (
					"$(inherited)",
					"@executable_path/Frameworks",
				);
				MARKETING_VERSION = 1.0;
				PRODUCT_BUNDLE_IDENTIFIER = com.ff9.prova2.NotionWatch.watchkitapp;
				PRODUCT_NAME = "$(TARGET_NAME)";
				SDKROOT = watchos;
				SKIP_INSTALL = YES;
				SWIFT_EMIT_LOC_STRINGS = YES;
				SWIFT_VERSION = 5.0;
				TARGETED_DEVICE_FAMILY = 4;
				VALIDATE_PRODUCT = YES;
				WATCHOS_DEPLOYMENT_TARGET = 11.2;
			};
			name = Release;
		};
		842D2A2D2D77501B00A8D90E /* Debug */ = {
			isa = XCBuildConfiguration;
			buildSettings = {
				CODE_SIGN_STYLE = Automatic;
				CURRENT_PROJECT_VERSION = 1;
				INFOPLIST_KEY_CFBundleDisplayName = NotionWatch;
				MARKETING_VERSION = 1.0;
				PRODUCT_BUNDLE_IDENTIFIER = com.ff9.prova2.NotionWatch;
				PRODUCT_NAME = "$(TARGET_NAME)";
				SDKROOT = iphoneos;
				SWIFT_VERSION = 5.0;
			};
			name = Debug;
		};
		842D2A2E2D77501B00A8D90E /* Release */ = {
			isa = XCBuildConfiguration;
			buildSettings = {
				CODE_SIGN_STYLE = Automatic;
				CURRENT_PROJECT_VERSION = 1;
				INFOPLIST_KEY_CFBundleDisplayName = NotionWatch;
				MARKETING_VERSION = 1.0;
				PRODUCT_BUNDLE_IDENTIFIER = com.ff9.prova2.NotionWatch;
				PRODUCT_NAME = "$(TARGET_NAME)";
				SDKROOT = iphoneos;
				SWIFT_VERSION = 5.0;
				VALIDATE_PRODUCT = YES;
			};
			name = Release;
		};
		842D2A302D77501B00A8D90E /* Debug */ = {
			isa = XCBuildConfiguration;
			buildSettings = {
				BUNDLE_LOADER = "$(TEST_HOST)";
				CODE_SIGN_STYLE = Automatic;
				CURRENT_PROJECT_VERSION = 1;
				GENERATE_INFOPLIST_FILE = YES;
				MARKETING_VERSION = 1.0;
				PRODUCT_BUNDLE_IDENTIFIER = "com.ff9.prova2.NotionWatch-Watch-AppTests";
				PRODUCT_NAME = "$(TARGET_NAME)";
				SDKROOT = watchos;
				SWIFT_EMIT_LOC_STRINGS = NO;
				SWIFT_VERSION = 5.0;
				TARGETED_DEVICE_FAMILY = 4;
				TEST_HOST = "$(BUILT_PRODUCTS_DIR)/NotionWatch Watch App.app/$(BUNDLE_EXECUTABLE_FOLDER_PATH)/NotionWatch Watch App";
				WATCHOS_DEPLOYMENT_TARGET = 11.2;
			};
			name = Debug;
		};
		842D2A312D77501B00A8D90E /* Release */ = {
			isa = XCBuildConfiguration;
			buildSettings = {
				BUNDLE_LOADER = "$(TEST_HOST)";
				CODE_SIGN_STYLE = Automatic;
				CURRENT_PROJECT_VERSION = 1;
				GENERATE_INFOPLIST_FILE = YES;
				MARKETING_VERSION = 1.0;
				PRODUCT_BUNDLE_IDENTIFIER = "com.ff9.prova2.NotionWatch-Watch-AppTests";
				PRODUCT_NAME = "$(TARGET_NAME)";
				SDKROOT = watchos;
				SWIFT_EMIT_LOC_STRINGS = NO;
				SWIFT_VERSION = 5.0;
				TARGETED_DEVICE_FAMILY = 4;
				TEST_HOST = "$(BUILT_PRODUCTS_DIR)/NotionWatch Watch App.app/$(BUNDLE_EXECUTABLE_FOLDER_PATH)/NotionWatch Watch App";
				VALIDATE_PRODUCT = YES;
				WATCHOS_DEPLOYMENT_TARGET = 11.2;
			};
			name = Release;
		};
		842D2A332D77501B00A8D90E /* Debug */ = {
			isa = XCBuildConfiguration;
			buildSettings = {
				CODE_SIGN_STYLE = Automatic;
				CURRENT_PROJECT_VERSION = 1;
				GENERATE_INFOPLIST_FILE = YES;
				MARKETING_VERSION = 1.0;
				PRODUCT_BUNDLE_IDENTIFIER = "com.ff9.prova2.NotionWatch-Watch-AppUITests";
				PRODUCT_NAME = "$(TARGET_NAME)";
				SDKROOT = watchos;
				SWIFT_EMIT_LOC_STRINGS = NO;
				SWIFT_VERSION = 5.0;
				TARGETED_DEVICE_FAMILY = 4;
				TEST_TARGET_NAME = "NotionWatch Watch App";
				WATCHOS_DEPLOYMENT_TARGET = 11.2;
			};
			name = Debug;
		};
		842D2A342D77501B00A8D90E /* Release */ = {
			isa = XCBuildConfiguration;
			buildSettings = {
				CODE_SIGN_STYLE = Automatic;
				CURRENT_PROJECT_VERSION = 1;
				GENERATE_INFOPLIST_FILE = YES;
				MARKETING_VERSION = 1.0;
				PRODUCT_BUNDLE_IDENTIFIER = "com.ff9.prova2.NotionWatch-Watch-AppUITests";
				PRODUCT_NAME = "$(TARGET_NAME)";
				SDKROOT = watchos;
				SWIFT_EMIT_LOC_STRINGS = NO;
				SWIFT_VERSION = 5.0;
				TARGETED_DEVICE_FAMILY = 4;
				TEST_TARGET_NAME = "NotionWatch Watch App";
				VALIDATE_PRODUCT = YES;
				WATCHOS_DEPLOYMENT_TARGET = 11.2;
			};
			name = Release;
		};
/* End XCBuildConfiguration section */

/* Begin XCConfigurationList section */
		842D29F92D77501A00A8D90E /* Build configuration list for PBXProject "NotionWatch" */ = {
			isa = XCConfigurationList;
			buildConfigurations = (
				842D2A262D77501B00A8D90E /* Debug */,
				842D2A272D77501B00A8D90E /* Release */,
			);
			defaultConfigurationIsVisible = 0;
			defaultConfigurationName = Release;
		};
		842D2A282D77501B00A8D90E /* Build configuration list for PBXNativeTarget "NotionWatch Watch App" */ = {
			isa = XCConfigurationList;
			buildConfigurations = (
				842D2A292D77501B00A8D90E /* Debug */,
				842D2A2A2D77501B00A8D90E /* Release */,
			);
			defaultConfigurationIsVisible = 0;
			defaultConfigurationName = Release;
		};
		842D2A2C2D77501B00A8D90E /* Build configuration list for PBXNativeTarget "NotionWatch" */ = {
			isa = XCConfigurationList;
			buildConfigurations = (
				842D2A2D2D77501B00A8D90E /* Debug */,
				842D2A2E2D77501B00A8D90E /* Release */,
			);
			defaultConfigurationIsVisible = 0;
			defaultConfigurationName = Release;
		};
		842D2A2F2D77501B00A8D90E /* Build configuration list for PBXNativeTarget "NotionWatch Watch AppTests" */ = {
			isa = XCConfigurationList;
			buildConfigurations = (
				842D2A302D77501B00A8D90E /* Debug */,
				842D2A312D77501B00A8D90E /* Release */,
			);
			defaultConfigurationIsVisible = 0;
			defaultConfigurationName = Release;
		};
		842D2A322D77501B00A8D90E /* Build configuration list for PBXNativeTarget "NotionWatch Watch AppUITests" */ = {
			isa = XCConfigurationList;
			buildConfigurations = (
				842D2A332D77501B00A8D90E /* Debug */,
				842D2A342D77501B00A8D90E /* Release */,
			);
			defaultConfigurationIsVisible = 0;
			defaultConfigurationName = Release;
		};
/* End XCConfigurationList section */
	};
	rootObject = 842D29F62D77501A00A8D90E /* Project object */;
}
